// !$*UTF8*$!
{
	archiveVersion = 1;
	classes = {
	};
	objectVersion = 56;
	objects = {

/* Begin PBXBuildFile section */
		C4C27D402BB39D77009ED95D /* RealityKitContent in Frameworks */ = {isa = PBXBuildFile; productRef = C4C27D3F2BB39D77009ED95D /* RealityKitContent */; };
		C4C27D422BB39D77009ED95D /* TestAppApp.swift in Sources */ = {isa = PBXBuildFile; fileRef = C4C27D412BB39D77009ED95D /* TestAppApp.swift */; };
		C4C27D442BB39D77009ED95D /* ContentView.swift in Sources */ = {isa = PBXBuildFile; fileRef = C4C27D432BB39D77009ED95D /* ContentView.swift */; };
		C4C27D462BB39D77009ED95D /* ImmersiveView.swift in Sources */ = {isa = PBXBuildFile; fileRef = C4C27D452BB39D77009ED95D /* ImmersiveView.swift */; };
		C4C27D482BB39D78009ED95D /* Assets.xcassets in Resources */ = {isa = PBXBuildFile; fileRef = C4C27D472BB39D78009ED95D /* Assets.xcassets */; };
		C4C27D4B2BB39D78009ED95D /* Preview Assets.xcassets in Resources */ = {isa = PBXBuildFile; fileRef = C4C27D4A2BB39D78009ED95D /* Preview Assets.xcassets */; };
		C4C27D562BB39D79009ED95D /* TestAppTests.swift in Sources */ = {isa = PBXBuildFile; fileRef = C4C27D552BB39D79009ED95D /* TestAppTests.swift */; };
		C4C27D682BB3AE41009ED95D /* earth.obj in Resources */ = {isa = PBXBuildFile; fileRef = C4C27D672BB3AE41009ED95D /* earth.obj */; };
		C4C27D692BB3AE41009ED95D /* earth.obj in Resources */ = {isa = PBXBuildFile; fileRef = C4C27D672BB3AE41009ED95D /* earth.obj */; };
/* End PBXBuildFile section */

/* Begin PBXContainerItemProxy section */
		C4C27D522BB39D79009ED95D /* PBXContainerItemProxy */ = {
			isa = PBXContainerItemProxy;
			containerPortal = C4C27D322BB39D77009ED95D /* Project object */;
			proxyType = 1;
			remoteGlobalIDString = C4C27D392BB39D77009ED95D;
			remoteInfo = TestApp;
		};
/* End PBXContainerItemProxy section */

/* Begin PBXFileReference section */
		C4C27D3A2BB39D77009ED95D /* TestApp.app */ = {isa = PBXFileReference; explicitFileType = wrapper.application; includeInIndex = 0; path = TestApp.app; sourceTree = BUILT_PRODUCTS_DIR; };
		C4C27D3E2BB39D77009ED95D /* RealityKitContent */ = {isa = PBXFileReference; lastKnownFileType = wrapper; path = RealityKitContent; sourceTree = "<group>"; };
		C4C27D412BB39D77009ED95D /* TestAppApp.swift */ = {isa = PBXFileReference; lastKnownFileType = sourcecode.swift; path = TestAppApp.swift; sourceTree = "<group>"; };
		C4C27D432BB39D77009ED95D /* ContentView.swift */ = {isa = PBXFileReference; lastKnownFileType = sourcecode.swift; path = ContentView.swift; sourceTree = "<group>"; };
		C4C27D452BB39D77009ED95D /* ImmersiveView.swift */ = {isa = PBXFileReference; lastKnownFileType = sourcecode.swift; path = ImmersiveView.swift; sourceTree = "<group>"; };
		C4C27D472BB39D78009ED95D /* Assets.xcassets */ = {isa = PBXFileReference; lastKnownFileType = folder.assetcatalog; path = Assets.xcassets; sourceTree = "<group>"; };
		C4C27D4A2BB39D78009ED95D /* Preview Assets.xcassets */ = {isa = PBXFileReference; lastKnownFileType = folder.assetcatalog; path = "Preview Assets.xcassets"; sourceTree = "<group>"; };
		C4C27D4C2BB39D78009ED95D /* Info.plist */ = {isa = PBXFileReference; lastKnownFileType = text.plist.xml; path = Info.plist; sourceTree = "<group>"; };
		C4C27D512BB39D79009ED95D /* TestAppTests.xctest */ = {isa = PBXFileReference; explicitFileType = wrapper.cfbundle; includeInIndex = 0; path = TestAppTests.xctest; sourceTree = BUILT_PRODUCTS_DIR; };
		C4C27D552BB39D79009ED95D /* TestAppTests.swift */ = {isa = PBXFileReference; lastKnownFileType = sourcecode.swift; path = TestAppTests.swift; sourceTree = "<group>"; };
		C4C27D672BB3AE41009ED95D /* earth.obj */ = {isa = PBXFileReference; fileEncoding = 4; lastKnownFileType = text; name = earth.obj; path = ../../../blender/earth.obj; sourceTree = "<group>"; };
/* End PBXFileReference section */

/* Begin PBXFrameworksBuildPhase section */
		C4C27D372BB39D77009ED95D /* Frameworks */ = {
			isa = PBXFrameworksBuildPhase;
			buildActionMask = 2147483647;
			files = (
				C4C27D402BB39D77009ED95D /* RealityKitContent in Frameworks */,
			);
			runOnlyForDeploymentPostprocessing = 0;
		};
		C4C27D4E2BB39D79009ED95D /* Frameworks */ = {
			isa = PBXFrameworksBuildPhase;
			buildActionMask = 2147483647;
			files = (
			);
			runOnlyForDeploymentPostprocessing = 0;
		};
/* End PBXFrameworksBuildPhase section */

/* Begin PBXGroup section */
		C4C27D312BB39D77009ED95D = {
			isa = PBXGroup;
			children = (
				C4C27D3C2BB39D77009ED95D /* TestApp */,
				C4C27D3D2BB39D77009ED95D /* Packages */,
				C4C27D542BB39D79009ED95D /* TestAppTests */,
				C4C27D3B2BB39D77009ED95D /* Products */,
			);
			sourceTree = "<group>";
		};
		C4C27D3B2BB39D77009ED95D /* Products */ = {
			isa = PBXGroup;
			children = (
				C4C27D3A2BB39D77009ED95D /* TestApp.app */,
				C4C27D512BB39D79009ED95D /* TestAppTests.xctest */,
			);
			name = Products;
			sourceTree = "<group>";
		};
		C4C27D3C2BB39D77009ED95D /* TestApp */ = {
			isa = PBXGroup;
			children = (
				C4C27D412BB39D77009ED95D /* TestAppApp.swift */,
				C4C27D432BB39D77009ED95D /* ContentView.swift */,
				C4C27D452BB39D77009ED95D /* ImmersiveView.swift */,
				C4C27D472BB39D78009ED95D /* Assets.xcassets */,
				C4C27D4C2BB39D78009ED95D /* Info.plist */,
				C4C27D492BB39D78009ED95D /* Preview Content */,
			);
			path = TestApp;
			sourceTree = "<group>";
		};
		C4C27D3D2BB39D77009ED95D /* Packages */ = {
			isa = PBXGroup;
			children = (
				C4C27D3E2BB39D77009ED95D /* RealityKitContent */,
			);
			path = Packages;
			sourceTree = "<group>";
		};
		C4C27D492BB39D78009ED95D /* Preview Content */ = {
			isa = PBXGroup;
			children = (
				C4C27D4A2BB39D78009ED95D /* Preview Assets.xcassets */,
			);
			path = "Preview Content";
			sourceTree = "<group>";
		};
		C4C27D542BB39D79009ED95D /* TestAppTests */ = {
			isa = PBXGroup;
			children = (
				C4C27D552BB39D79009ED95D /* TestAppTests.swift */,
				C4C27D672BB3AE41009ED95D /* earth.obj */,
			);
			path = TestAppTests;
			sourceTree = "<group>";
		};
/* End PBXGroup section */

/* Begin PBXNativeTarget section */
		C4C27D392BB39D77009ED95D /* TestApp */ = {
			isa = PBXNativeTarget;
			buildConfigurationList = C4C27D592BB39D79009ED95D /* Build configuration list for PBXNativeTarget "TestApp" */;
			buildPhases = (
				C4C27D362BB39D77009ED95D /* Sources */,
				C4C27D372BB39D77009ED95D /* Frameworks */,
				C4C27D382BB39D77009ED95D /* Resources */,
			);
			buildRules = (
			);
			dependencies = (
			);
			name = TestApp;
			packageProductDependencies = (
				C4C27D3F2BB39D77009ED95D /* RealityKitContent */,
			);
			productName = TestApp;
			productReference = C4C27D3A2BB39D77009ED95D /* TestApp.app */;
			productType = "com.apple.product-type.application";
		};
		C4C27D502BB39D79009ED95D /* TestAppTests */ = {
			isa = PBXNativeTarget;
			buildConfigurationList = C4C27D5C2BB39D79009ED95D /* Build configuration list for PBXNativeTarget "TestAppTests" */;
			buildPhases = (
				C4C27D4D2BB39D79009ED95D /* Sources */,
				C4C27D4E2BB39D79009ED95D /* Frameworks */,
				C4C27D4F2BB39D79009ED95D /* Resources */,
			);
			buildRules = (
			);
			dependencies = (
				C4C27D532BB39D79009ED95D /* PBXTargetDependency */,
			);
			name = TestAppTests;
			productName = TestAppTests;
			productReference = C4C27D512BB39D79009ED95D /* TestAppTests.xctest */;
			productType = "com.apple.product-type.bundle.unit-test";
		};
/* End PBXNativeTarget section */

/* Begin PBXProject section */
		C4C27D322BB39D77009ED95D /* Project object */ = {
			isa = PBXProject;
			attributes = {
				BuildIndependentTargetsInParallel = 1;
				LastSwiftUpdateCheck = 1530;
				LastUpgradeCheck = 1530;
				TargetAttributes = {
					C4C27D392BB39D77009ED95D = {
						CreatedOnToolsVersion = 15.3;
					};
					C4C27D502BB39D79009ED95D = {
						CreatedOnToolsVersion = 15.3;
						TestTargetID = C4C27D392BB39D77009ED95D;
					};
				};
			};
			buildConfigurationList = C4C27D352BB39D77009ED95D /* Build configuration list for PBXProject "TestApp" */;
			compatibilityVersion = "Xcode 14.0";
			developmentRegion = en;
			hasScannedForEncodings = 0;
			knownRegions = (
				en,
				Base,
			);
			mainGroup = C4C27D312BB39D77009ED95D;
			productRefGroup = C4C27D3B2BB39D77009ED95D /* Products */;
			projectDirPath = "";
			projectRoot = "";
			targets = (
				C4C27D392BB39D77009ED95D /* TestApp */,
				C4C27D502BB39D79009ED95D /* TestAppTests */,
			);
		};
/* End PBXProject section */

/* Begin PBXResourcesBuildPhase section */
		C4C27D382BB39D77009ED95D /* Resources */ = {
			isa = PBXResourcesBuildPhase;
			buildActionMask = 2147483647;
			files = (
				C4C27D4B2BB39D78009ED95D /* Preview Assets.xcassets in Resources */,
				C4C27D482BB39D78009ED95D /* Assets.xcassets in Resources */,
				C4C27D682BB3AE41009ED95D /* earth.obj in Resources */,
			);
			runOnlyForDeploymentPostprocessing = 0;
		};
		C4C27D4F2BB39D79009ED95D /* Resources */ = {
			isa = PBXResourcesBuildPhase;
			buildActionMask = 2147483647;
			files = (
				C4C27D692BB3AE41009ED95D /* earth.obj in Resources */,
			);
			runOnlyForDeploymentPostprocessing = 0;
		};
/* End PBXResourcesBuildPhase section */

/* Begin PBXSourcesBuildPhase section */
		C4C27D362BB39D77009ED95D /* Sources */ = {
			isa = PBXSourcesBuildPhase;
			buildActionMask = 2147483647;
			files = (
				C4C27D442BB39D77009ED95D /* ContentView.swift in Sources */,
				C4C27D422BB39D77009ED95D /* TestAppApp.swift in Sources */,
				C4C27D462BB39D77009ED95D /* ImmersiveView.swift in Sources */,
			);
			runOnlyForDeploymentPostprocessing = 0;
		};
		C4C27D4D2BB39D79009ED95D /* Sources */ = {
			isa = PBXSourcesBuildPhase;
			buildActionMask = 2147483647;
			files = (
				C4C27D562BB39D79009ED95D /* TestAppTests.swift in Sources */,
			);
			runOnlyForDeploymentPostprocessing = 0;
		};
/* End PBXSourcesBuildPhase section */

/* Begin PBXTargetDependency section */
		C4C27D532BB39D79009ED95D /* PBXTargetDependency */ = {
			isa = PBXTargetDependency;
			target = C4C27D392BB39D77009ED95D /* TestApp */;
			targetProxy = C4C27D522BB39D79009ED95D /* PBXContainerItemProxy */;
		};
/* End PBXTargetDependency section */

/* Begin XCBuildConfiguration section */
		C4C27D572BB39D79009ED95D /* Debug */ = {
			isa = XCBuildConfiguration;
			buildSettings = {
				ALWAYS_SEARCH_USER_PATHS = NO;
				ASSETCATALOG_COMPILER_GENERATE_SWIFT_ASSET_SYMBOL_EXTENSIONS = YES;
				CLANG_ANALYZER_NONNULL = YES;
				CLANG_ANALYZER_NUMBER_OBJECT_CONVERSION = YES_AGGRESSIVE;
				CLANG_CXX_LANGUAGE_STANDARD = "gnu++20";
				CLANG_ENABLE_MODULES = YES;
				CLANG_ENABLE_OBJC_ARC = YES;
				CLANG_ENABLE_OBJC_WEAK = YES;
				CLANG_WARN_BLOCK_CAPTURE_AUTORELEASING = YES;
				CLANG_WARN_BOOL_CONVERSION = YES;
				CLANG_WARN_COMMA = YES;
				CLANG_WARN_CONSTANT_CONVERSION = YES;
				CLANG_WARN_DEPRECATED_OBJC_IMPLEMENTATIONS = YES;
				CLANG_WARN_DIRECT_OBJC_ISA_USAGE = YES_ERROR;
				CLANG_WARN_DOCUMENTATION_COMMENTS = YES;
				CLANG_WARN_EMPTY_BODY = YES;
				CLANG_WARN_ENUM_CONVERSION = YES;
				CLANG_WARN_INFINITE_RECURSION = YES;
				CLANG_WARN_INT_CONVERSION = YES;
				CLANG_WARN_NON_LITERAL_NULL_CONVERSION = YES;
				CLANG_WARN_OBJC_IMPLICIT_RETAIN_SELF = YES;
				CLANG_WARN_OBJC_LITERAL_CONVERSION = YES;
				CLANG_WARN_OBJC_ROOT_CLASS = YES_ERROR;
				CLANG_WARN_QUOTED_INCLUDE_IN_FRAMEWORK_HEADER = YES;
				CLANG_WARN_RANGE_LOOP_ANALYSIS = YES;
				CLANG_WARN_STRICT_PROTOTYPES = YES;
				CLANG_WARN_SUSPICIOUS_MOVE = YES;
				CLANG_WARN_UNGUARDED_AVAILABILITY = YES_AGGRESSIVE;
				CLANG_WARN_UNREACHABLE_CODE = YES;
				CLANG_WARN__DUPLICATE_METHOD_MATCH = YES;
				COPY_PHASE_STRIP = NO;
				DEBUG_INFORMATION_FORMAT = dwarf;
				ENABLE_STRICT_OBJC_MSGSEND = YES;
				ENABLE_TESTABILITY = YES;
				ENABLE_USER_SCRIPT_SANDBOXING = YES;
				GCC_C_LANGUAGE_STANDARD = gnu17;
				GCC_DYNAMIC_NO_PIC = NO;
				GCC_NO_COMMON_BLOCKS = YES;
				GCC_OPTIMIZATION_LEVEL = 0;
				GCC_PREPROCESSOR_DEFINITIONS = (
					"DEBUG=1",
					"$(inherited)",
				);
				GCC_WARN_64_TO_32_BIT_CONVERSION = YES;
				GCC_WARN_ABOUT_RETURN_TYPE = YES_ERROR;
				GCC_WARN_UNDECLARED_SELECTOR = YES;
				GCC_WARN_UNINITIALIZED_AUTOS = YES_AGGRESSIVE;
				GCC_WARN_UNUSED_FUNCTION = YES;
				GCC_WARN_UNUSED_VARIABLE = YES;
				LOCALIZATION_PREFERS_STRING_CATALOGS = YES;
				MTL_ENABLE_DEBUG_INFO = INCLUDE_SOURCE;
				MTL_FAST_MATH = YES;
				ONLY_ACTIVE_ARCH = YES;
				SDKROOT = xros;
				SWIFT_ACTIVE_COMPILATION_CONDITIONS = "DEBUG $(inherited)";
				SWIFT_OPTIMIZATION_LEVEL = "-Onone";
				XROS_DEPLOYMENT_TARGET = 1.1;
			};
			name = Debug;
		};
		C4C27D582BB39D79009ED95D /* Release */ = {
			isa = XCBuildConfiguration;
			buildSettings = {
				ALWAYS_SEARCH_USER_PATHS = NO;
				ASSETCATALOG_COMPILER_GENERATE_SWIFT_ASSET_SYMBOL_EXTENSIONS = YES;
				CLANG_ANALYZER_NONNULL = YES;
				CLANG_ANALYZER_NUMBER_OBJECT_CONVERSION = YES_AGGRESSIVE;
				CLANG_CXX_LANGUAGE_STANDARD = "gnu++20";
				CLANG_ENABLE_MODULES = YES;
				CLANG_ENABLE_OBJC_ARC = YES;
				CLANG_ENABLE_OBJC_WEAK = YES;
				CLANG_WARN_BLOCK_CAPTURE_AUTORELEASING = YES;
				CLANG_WARN_BOOL_CONVERSION = YES;
				CLANG_WARN_COMMA = YES;
				CLANG_WARN_CONSTANT_CONVERSION = YES;
				CLANG_WARN_DEPRECATED_OBJC_IMPLEMENTATIONS = YES;
				CLANG_WARN_DIRECT_OBJC_ISA_USAGE = YES_ERROR;
				CLANG_WARN_DOCUMENTATION_COMMENTS = YES;
				CLANG_WARN_EMPTY_BODY = YES;
				CLANG_WARN_ENUM_CONVERSION = YES;
				CLANG_WARN_INFINITE_RECURSION = YES;
				CLANG_WARN_INT_CONVERSION = YES;
				CLANG_WARN_NON_LITERAL_NULL_CONVERSION = YES;
				CLANG_WARN_OBJC_IMPLICIT_RETAIN_SELF = YES;
				CLANG_WARN_OBJC_LITERAL_CONVERSION = YES;
				CLANG_WARN_OBJC_ROOT_CLASS = YES_ERROR;
				CLANG_WARN_QUOTED_INCLUDE_IN_FRAMEWORK_HEADER = YES;
				CLANG_WARN_RANGE_LOOP_ANALYSIS = YES;
				CLANG_WARN_STRICT_PROTOTYPES = YES;
				CLANG_WARN_SUSPICIOUS_MOVE = YES;
				CLANG_WARN_UNGUARDED_AVAILABILITY = YES_AGGRESSIVE;
				CLANG_WARN_UNREACHABLE_CODE = YES;
				CLANG_WARN__DUPLICATE_METHOD_MATCH = YES;
				COPY_PHASE_STRIP = NO;
				DEBUG_INFORMATION_FORMAT = "dwarf-with-dsym";
				ENABLE_NS_ASSERTIONS = NO;
				ENABLE_STRICT_OBJC_MSGSEND = YES;
				ENABLE_USER_SCRIPT_SANDBOXING = YES;
				GCC_C_LANGUAGE_STANDARD = gnu17;
				GCC_NO_COMMON_BLOCKS = YES;
				GCC_WARN_64_TO_32_BIT_CONVERSION = YES;
				GCC_WARN_ABOUT_RETURN_TYPE = YES_ERROR;
				GCC_WARN_UNDECLARED_SELECTOR = YES;
				GCC_WARN_UNINITIALIZED_AUTOS = YES_AGGRESSIVE;
				GCC_WARN_UNUSED_FUNCTION = YES;
				GCC_WARN_UNUSED_VARIABLE = YES;
				LOCALIZATION_PREFERS_STRING_CATALOGS = YES;
				MTL_ENABLE_DEBUG_INFO = NO;
				MTL_FAST_MATH = YES;
				SDKROOT = xros;
				SWIFT_COMPILATION_MODE = wholemodule;
				VALIDATE_PRODUCT = YES;
				XROS_DEPLOYMENT_TARGET = 1.1;
			};
			name = Release;
		};
		C4C27D5A2BB39D79009ED95D /* Debug */ = {
			isa = XCBuildConfiguration;
			buildSettings = {
				ASSETCATALOG_COMPILER_APPICON_NAME = AppIcon;
				ASSETCATALOG_COMPILER_GLOBAL_ACCENT_COLOR_NAME = AccentColor;
				CODE_SIGN_STYLE = Automatic;
				CURRENT_PROJECT_VERSION = 1;
				DEVELOPMENT_ASSET_PATHS = "\"TestApp/Preview Content\"";
				ENABLE_PREVIEWS = YES;
				GENERATE_INFOPLIST_FILE = YES;
				INFOPLIST_FILE = "$(TARGET_NAME)/Info.plist";
				LD_RUNPATH_SEARCH_PATHS = (
					"$(inherited)",
					"@executable_path/Frameworks",
				);
				MARKETING_VERSION = 1.0;
				PRODUCT_BUNDLE_IDENTIFIER = test.TestApp;
				PRODUCT_NAME = "$(TARGET_NAME)";
				SUPPORTED_PLATFORMS = "xros xrsimulator";
				SWIFT_EMIT_LOC_STRINGS = YES;
				SWIFT_VERSION = 5.0;
				TARGETED_DEVICE_FAMILY = "1,2,7";
			};
			name = Debug;
		};
		C4C27D5B2BB39D79009ED95D /* Release */ = {
			isa = XCBuildConfiguration;
			buildSettings = {
				ASSETCATALOG_COMPILER_APPICON_NAME = AppIcon;
				ASSETCATALOG_COMPILER_GLOBAL_ACCENT_COLOR_NAME = AccentColor;
				CODE_SIGN_STYLE = Automatic;
				CURRENT_PROJECT_VERSION = 1;
				DEVELOPMENT_ASSET_PATHS = "\"TestApp/Preview Content\"";
				ENABLE_PREVIEWS = YES;
				GENERATE_INFOPLIST_FILE = YES;
				INFOPLIST_FILE = "$(TARGET_NAME)/Info.plist";
				LD_RUNPATH_SEARCH_PATHS = (
					"$(inherited)",
					"@executable_path/Frameworks",
				);
				MARKETING_VERSION = 1.0;
				PRODUCT_BUNDLE_IDENTIFIER = test.TestApp;
				PRODUCT_NAME = "$(TARGET_NAME)";
				SUPPORTED_PLATFORMS = "xros xrsimulator";
				SWIFT_EMIT_LOC_STRINGS = YES;
				SWIFT_VERSION = 5.0;
				TARGETED_DEVICE_FAMILY = "1,2,7";
			};
			name = Release;
		};
		C4C27D5D2BB39D79009ED95D /* Debug */ = {
			isa = XCBuildConfiguration;
			buildSettings = {
				ALWAYS_EMBED_SWIFT_STANDARD_LIBRARIES = YES;
				BUNDLE_LOADER = "$(TEST_HOST)";
				CODE_SIGN_STYLE = Automatic;
				CURRENT_PROJECT_VERSION = 1;
				GENERATE_INFOPLIST_FILE = YES;
				MARKETING_VERSION = 1.0;
				PRODUCT_BUNDLE_IDENTIFIER = test.TestAppTests;
				PRODUCT_NAME = "$(TARGET_NAME)";
				SUPPORTED_PLATFORMS = "xros xrsimulator";
				SWIFT_EMIT_LOC_STRINGS = NO;
				SWIFT_VERSION = 5.0;
				TARGETED_DEVICE_FAMILY = "1,2,7";
				TEST_HOST = "$(BUILT_PRODUCTS_DIR)/TestApp.app/$(BUNDLE_EXECUTABLE_FOLDER_PATH)/TestApp";
				XROS_DEPLOYMENT_TARGET = 1.1;
			};
			name = Debug;
		};
		C4C27D5E2BB39D79009ED95D /* Release */ = {
			isa = XCBuildConfiguration;
			buildSettings = {
				ALWAYS_EMBED_SWIFT_STANDARD_LIBRARIES = YES;
				BUNDLE_LOADER = "$(TEST_HOST)";
				CODE_SIGN_STYLE = Automatic;
				CURRENT_PROJECT_VERSION = 1;
				GENERATE_INFOPLIST_FILE = YES;
				MARKETING_VERSION = 1.0;
				PRODUCT_BUNDLE_IDENTIFIER = test.TestAppTests;
				PRODUCT_NAME = "$(TARGET_NAME)";
				SUPPORTED_PLATFORMS = "xros xrsimulator";
				SWIFT_EMIT_LOC_STRINGS = NO;
				SWIFT_VERSION = 5.0;
				TARGETED_DEVICE_FAMILY = "1,2,7";
				TEST_HOST = "$(BUILT_PRODUCTS_DIR)/TestApp.app/$(BUNDLE_EXECUTABLE_FOLDER_PATH)/TestApp";
				XROS_DEPLOYMENT_TARGET = 1.1;
			};
			name = Release;
		};
/* End XCBuildConfiguration section */

/* Begin XCConfigurationList section */
		C4C27D352BB39D77009ED95D /* Build configuration list for PBXProject "TestApp" */ = {
			isa = XCConfigurationList;
			buildConfigurations = (
				C4C27D572BB39D79009ED95D /* Debug */,
				C4C27D582BB39D79009ED95D /* Release */,
			);
			defaultConfigurationIsVisible = 0;
			defaultConfigurationName = Release;
		};
		C4C27D592BB39D79009ED95D /* Build configuration list for PBXNativeTarget "TestApp" */ = {
			isa = XCConfigurationList;
			buildConfigurations = (
				C4C27D5A2BB39D79009ED95D /* Debug */,
				C4C27D5B2BB39D79009ED95D /* Release */,
			);
			defaultConfigurationIsVisible = 0;
			defaultConfigurationName = Release;
		};
		C4C27D5C2BB39D79009ED95D /* Build configuration list for PBXNativeTarget "TestAppTests" */ = {
			isa = XCConfigurationList;
			buildConfigurations = (
				C4C27D5D2BB39D79009ED95D /* Debug */,
				C4C27D5E2BB39D79009ED95D /* Release */,
			);
			defaultConfigurationIsVisible = 0;
			defaultConfigurationName = Release;
		};
/* End XCConfigurationList section */

/* Begin XCSwiftPackageProductDependency section */
		C4C27D3F2BB39D77009ED95D /* RealityKitContent */ = {
			isa = XCSwiftPackageProductDependency;
			productName = RealityKitContent;
		};
/* End XCSwiftPackageProductDependency section */
	};
	rootObject = C4C27D322BB39D77009ED95D /* Project object */;
}
